
Microsoft Visual Studio Solution File, Format Version 12.00
# Visual Studio 15
VisualStudioVersion = 15.0.28307.1231
MinimumVisualStudioVersion = 10.0.40219.1
Project("{FAE04EC0-301F-11D3-BF4B-00C04F79EFBC}") = "DevBoost.ORM", "DevBoost.ORM\DevBoost.ORM.csproj", "{DFDB53D0-6027-4EAB-8E43-CC92A376DF84}"
EndProject
Global
	GlobalSection(SolutionConfigurationPlatforms) = preSolution
		Debug|Any CPU = Debug|Any CPU
		Release|Any CPU = Release|Any CPU
	EndGlobalSection
	GlobalSection(ProjectConfigurationPlatforms) = postSolution
		{DFDB53D0-6027-4EAB-8E43-CC92A376DF84}.Debug|Any CPU.ActiveCfg = Debug|Any CPU
		{DFDB53D0-6027-4EAB-8E43-CC92A376DF84}.Debug|Any CPU.Build.0 = Debug|Any CPU
		{DFDB53D0-6027-4EAB-8E43-CC92A376DF84}.Release|Any CPU.ActiveCfg = Release|Any CPU
		{DFDB53D0-6027-4EAB-8E43-CC92A376DF84}.Release|Any CPU.Build.0 = Release|Any CPU
	EndGlobalSection
	GlobalSection(SolutionProperties) = preSolution
		HideSolutionNode = FALSE
	EndGlobalSection
	GlobalSection(ExtensibilityGlobals) = postSolution
		SolutionGuid = {DC40B4C8-4CEE-4509-9569-4E4765F85BE4}
	EndGlobalSection
EndGlobal
